# This file is automatically @generated by Poetry 2.2.1 and should not be changed by hand.

[[package]]
name = "maude"
version = "1.6.0"
description = "Python bindings for Maude"
optional = false
python-versions = "*"
groups = ["main"]
files = [
    {file = "maude-1.6.0-cp310-cp310-macosx_15_0_arm64.whl", hash = "sha256:ca953d5b17b9bcfc234c79e18b0d19a210cffc10d2a661cbb6988f9cc3036494"},
    {file = "maude-1.6.0-cp310-cp310-macosx_15_0_x86_64.whl", hash = "sha256:10fba57e9cb246422afc95a3528893e017a76bbe3946b7647c8f0fd093515ae2"},
    {file = "maude-1.6.0-cp310-cp310-manylinux_2_28_x86_64.whl", hash = "sha256:4252e542294f15a5a0d05433d6d5c4bb5af38cfc60087a63d132ce211e70003e"},
    {file = "maude-1.6.0-cp310-cp310-win_amd64.whl", hash = "sha256:2fa93581ae5a2c4952cc6807ebc8cdea8918ae0a3e10ca1a12f4992505e827aa"},
    {file = "maude-1.6.0-cp311-cp311-macosx_15_0_arm64.whl", hash = "sha256:de48423981c92d59877f2e0a4db4ccedc5e0e26a19c3fda9c65d06d908dc3a11"},
    {file = "maude-1.6.0-cp311-cp311-macosx_15_0_x86_64.whl", hash = "sha256:924ac7ece77c201b61bfb2806017301d413f6f512890bc64e959494c3a719441"},
    {file = "maude-1.6.0-cp311-cp311-manylinux_2_28_x86_64.whl", hash = "sha256:2d3751859ed5ce9839c419e20753b82062da6a79f0374597ad8ffc7e018ceda1"},
    {file = "maude-1.6.0-cp311-cp311-win_amd64.whl", hash = "sha256:0de426ca0f176098ce1b161891d36644f2797b250a2283222e26e18e82279507"},
    {file = "maude-1.6.0-cp312-cp312-macosx_15_0_arm64.whl", hash = "sha256:5d8234aa4467ea867c550548123a96c632c562ccdd1e3dbf534ba95d776552d6"},
    {file = "maude-1.6.0-cp312-cp312-macosx_15_0_x86_64.whl", hash = "sha256:af41dc2900572b5ffc70440da042aa78faa9888bc9b92f9a491bad8eb9382c6e"},
    {file = "maude-1.6.0-cp312-cp312-manylinux_2_28_x86_64.whl", hash = "sha256:346ec548579aa4a9d59c84dedfdc8a4d9105a4ede0793aeeacfde8e7d8e0f258"},
    {file = "maude-1.6.0-cp312-cp312-win_amd64.whl", hash = "sha256:8b9603d984a41b382663ee804f12c8db2f3429e34bdc5374713eabec6911d87b"},
    {file = "maude-1.6.0-cp313-cp313-macosx_15_0_arm64.whl", hash = "sha256:7da1af4ea752a7e363624895924a7b9813f51fc82d0329286fd1fb2a729729e7"},
    {file = "maude-1.6.0-cp313-cp313-macosx_15_0_x86_64.whl", hash = "sha256:ea4494c43350db31de347f35e2f08343c1c63a4575fc28ba5840eae52961f1c5"},
    {file = "maude-1.6.0-cp313-cp313-manylinux_2_28_x86_64.whl", hash = "sha256:008dd9146ac986f164713c7473e447019862d6bb4bb45144879c9a07a8da3942"},
    {file = "maude-1.6.0-cp313-cp313-win_amd64.whl", hash = "sha256:95c25b1de5dfdf8850c404da6a6be925b50899d6b8b428cc922329ccfc6d234e"},
    {file = "maude-1.6.0-cp314-cp314-macosx_15_0_arm64.whl", hash = "sha256:5105f2c4e86fdfca1d288faeb484f1a5e5a031d83a0d53fcf0db6a8d92d6a45a"},
    {file = "maude-1.6.0-cp314-cp314-macosx_15_0_x86_64.whl", hash = "sha256:d2dfc25697afc7b546f6a0809a23b872f27db341343fe4d15837b855dfba71c9"},
    {file = "maude-1.6.0-cp314-cp314-manylinux_2_28_x86_64.whl", hash = "sha256:de488a4df16649e0b01fe900e56cbb71484789f601ae210fd7f4d46672ac0108"},
    {file = "maude-1.6.0-cp314-cp314-win_amd64.whl", hash = "sha256:7cdb5a5e8a2a97a6434dad8e97c059796b463fe6cc07ed20f804c141a4381807"},
]

[[package]]
name = "umaudemc"
version = "0.16.0"
description = "Unified Maude model-checking utility"
optional = false
python-versions = ">=3.9"
groups = ["main"]
files = [
    {file = "umaudemc-0.16.0-py3-none-any.whl", hash = "sha256:532590fa6239455509a44927c8ddd1403c25b80d8c07ebd9896a3fd7f9c1baea"},
]

[package.dependencies]
maude = ">=1.0"

[package.extras]
ctlstar = ["pyModelChecking (>=1.3.3)"]
plot = ["matplotlib"]
smc = ["scipy"]
yaml = ["pyaml"]

[metadata]
lock-version = "2.1"
python-versions = "^3.13"
content-hash = "bf9912801f32245b9da1bbd1ad5ee357d39f37dbecc9f4c5df6e39d7efaf8ec5"
